
Microsoft Visual Studio Solution File, Format Version 12.00
# Visual Studio Version 16
VisualStudioVersion = 16.0.29728.190
MinimumVisualStudioVersion = 10.0.40219.1
Project("{FAE04EC0-301F-11D3-BF4B-00C04F79EFBC}") = "CsPractice", "CsPractice\CsPractice.csproj", "{2ABD40D3-26D6-4086-8C92-C975445D0D3A}"
EndProject
Project("{2150E333-8FDC-42A3-9474-1A3956D46DE8}") = "Solution Items", "Solution Items", "{318BDE1F-D5C4-4D8D-B900-49A0D268798B}"
EndProject
Global
	GlobalSection(SolutionConfigurationPlatforms) = preSolution
		Debug|Any CPU = Debug|Any CPU
		Release|Any CPU = Release|Any CPU
	EndGlobalSection
	GlobalSection(ProjectConfigurationPlatforms) = postSolution
		{2ABD40D3-26D6-4086-8C92-C975445D0D3A}.Debug|Any CPU.ActiveCfg = Debug|Any CPU
		{2ABD40D3-26D6-4086-8C92-C975445D0D3A}.Debug|Any CPU.Build.0 = Debug|Any CPU
		{2ABD40D3-26D6-4086-8C92-C975445D0D3A}.Release|Any CPU.ActiveCfg = Release|Any CPU
		{2ABD40D3-26D6-4086-8C92-C975445D0D3A}.Release|Any CPU.Build.0 = Release|Any CPU
	EndGlobalSection
	GlobalSection(SolutionProperties) = preSolution
		HideSolutionNode = FALSE
	EndGlobalSection
	GlobalSection(ExtensibilityGlobals) = postSolution
		SolutionGuid = {487D348B-B110-4CB5-9C55-2563A56B79CF}
	EndGlobalSection
EndGlobal
